<?xml version="1.0" encoding="utf-8"?>
<Project ToolsVersion="4.0" xmlns="http://schemas.microsoft.com/developer/msbuild/2003">
  <ItemGroup>
    <Filter Include="Source Files">
      <UniqueIdentifier>{4FC737F1-C7A5-4376-A066-2A32D752A2FF}</UniqueIdentifier>
      <Extensions>cpp;c;cc;cxx;def;odl;idl;hpj;bat;asm;asmx</Extensions>
    </Filter>
    <Filter Include="Header Files">
      <UniqueIdentifier>{93995380-89BD-4b04-88EB-625FBE52EBFB}</UniqueIdentifier>
      <Extensions>h;hh;hpp;hxx;hm;inl;inc;xsd</Extensions>
    </Filter>
    <Filter Include="Resource Files">
      <UniqueIdentifier>{67DA6AB6-F800-4c08-8B7A-83BB121AAD01}</UniqueIdentifier>
      <Extensions>rc;ico;cur;bmp;dlg;rc2;rct;bin;rgs;gif;jpg;jpeg;jpe;resx;tiff;tif;png;wav;mfcribbon-ms</Extensions>
    </Filter>
    <Filter Include="Resource Files\locale">
      <UniqueIdentifier>{da92c87c-c5fd-4c93-a09c-af3071784a7c}</UniqueIdentifier>
    </Filter>
  </ItemGroup>
  <ItemGroup>
    <ClInclude Include="Include\enc-h264.h">
      <Filter>Header Files</Filter>
    </ClInclude>
    <ClInclude Include="Include\enc-h264-simple.h">
      <Filter>Header Files</Filter>
    </ClInclude>
    <ClInclude Include="Include\amd-amf.h">
      <Filter>Header Files</Filter>
    </ClInclude>
    <ClInclude Include="Include\plugin.h">
      <Filter>Header Files</Filter>
    </ClInclude>
    <ClInclude Include="Include\amd-amf-vce.h">
      <Filter>Header Files</Filter>
    </ClInclude>
    <ClInclude Include="Include\amd-amf-vce-capabilities.h">
      <Filter>Header Files</Filter>
    </ClInclude>
  </ItemGroup>
  <ItemGroup>
    <ClCompile Include="Source\enc-h264.cpp">
      <Filter>Source Files</Filter>
    </ClCompile>
    <ClCompile Include="Source\enc-h264-simple.cpp">
      <Filter>Source Files</Filter>
    </ClCompile>
    <ClCompile Include="Source\amd-amf.cpp">
      <Filter>Source Files</Filter>
    </ClCompile>
    <ClCompile Include="Source\plugin.cpp">
      <Filter>Source Files</Filter>
    </ClCompile>
    <ClCompile Include="Source\amd-amf-vce-capabilities.cpp">
      <Filter>Source Files</Filter>
    </ClCompile>
    <ClCompile Include="Source\amd-amf-vce.cpp">
      <Filter>Source Files</Filter>
    </ClCompile>
  </ItemGroup>
  <ItemGroup>
    <None Include="Resources\locale\en-US.ini">
      <Filter>Resource Files\locale</Filter>
    </None>
    <None Include="Resources\locale\es-ES.ini">
      <Filter>Resource Files\locale</Filter>
    </None>
    <None Include="Resources\locale\da-DK.ini">
      <Filter>Resource Files\locale</Filter>
    </None>
    <None Include="Resources\locale\hu-HU.ini">
      <Filter>Resource Files\locale</Filter>
    </None>
    <None Include="Resources\locale\ru-RU.ini">
      <Filter>Resource Files\locale</Filter>
    </None>
    <None Include="Resources\locale\vi-VN.ini">
      <Filter>Resource Files\locale</Filter>
    </None>
    <None Include="Resources\locale\de-DE.ini">
      <Filter>Resource Files\locale</Filter>
    </None>
    <None Include="Resources\locale\nb-NO.ini">
      <Filter>Resource Files\locale</Filter>
    </None>
  </ItemGroup>
</Project>